
Microsoft Visual Studio Solution File, Format Version 12.00
# Visual Studio 2013
VisualStudioVersion = 12.0.30723.0
MinimumVisualStudioVersion = 10.0.40219.1
Project("{FAE04EC0-301F-11D3-BF4B-00C04F79EFBC}") = "UIATest", "UIATest\UIATest.csproj", "{42805A78-2EA9-495F-9635-BC3BD6E1B274}"
EndProject
Global
	GlobalSection(SolutionConfigurationPlatforms) = preSolution
		Debug|Any CPU = Debug|Any CPU
		Release|Any CPU = Release|Any CPU
	EndGlobalSection
	GlobalSection(ProjectConfigurationPlatforms) = postSolution
		{42805A78-2EA9-495F-9635-BC3BD6E1B274}.Debug|Any CPU.ActiveCfg = Debug|Any CPU
		{42805A78-2EA9-495F-9635-BC3BD6E1B274}.Debug|Any CPU.Build.0 = Debug|Any CPU
		{42805A78-2EA9-495F-9635-BC3BD6E1B274}.Release|Any CPU.ActiveCfg = Release|Any CPU
		{42805A78-2EA9-495F-9635-BC3BD6E1B274}.Release|Any CPU.Build.0 = Release|Any CPU
	EndGlobalSection
	GlobalSection(SolutionProperties) = preSolution
		HideSolutionNode = FALSE
	EndGlobalSection
EndGlobal
